
Microsoft Visual Studio Solution File, Format Version 12.00
# Visual Studio Version 16
VisualStudioVersion = 16.0.30907.101
MinimumVisualStudioVersion = 15.0.26124.0
Project("{9A19103F-16F7-4668-BE54-9A1E7A4F7556}") = "Gonkers.NuGetTools.NextPatchVersion", "src\NextPatchVersion\Gonkers.NuGetTools.NextPatchVersion.csproj", "{CAC373DA-6EEE-4868-B261-14D5DB606C5D}"
EndProject
Project("{2150E333-8FDC-42A3-9474-1A3956D46DE8}") = "Solution Items", "Solution Items", "{BDCBB187-0781-46BA-8307-F3C9551460F5}"
	ProjectSection(SolutionItems) = preProject
		.gitignore = .gitignore
		LICENSE = LICENSE
		README.md = README.md
	EndProjectSection
EndProject
Global
	GlobalSection(SolutionConfigurationPlatforms) = preSolution
		Debug|Any CPU = Debug|Any CPU
		Debug|x64 = Debug|x64
		Debug|x86 = Debug|x86
		Release|Any CPU = Release|Any CPU
		Release|x64 = Release|x64
		Release|x86 = Release|x86
	EndGlobalSection
	GlobalSection(ProjectConfigurationPlatforms) = postSolution
		{CAC373DA-6EEE-4868-B261-14D5DB606C5D}.Debug|Any CPU.ActiveCfg = Debug|Any CPU
		{CAC373DA-6EEE-4868-B261-14D5DB606C5D}.Debug|Any CPU.Build.0 = Debug|Any CPU
		{CAC373DA-6EEE-4868-B261-14D5DB606C5D}.Debug|x64.ActiveCfg = Debug|Any CPU
		{CAC373DA-6EEE-4868-B261-14D5DB606C5D}.Debug|x64.Build.0 = Debug|Any CPU
		{CAC373DA-6EEE-4868-B261-14D5DB606C5D}.Debug|x86.ActiveCfg = Debug|Any CPU
		{CAC373DA-6EEE-4868-B261-14D5DB606C5D}.Debug|x86.Build.0 = Debug|Any CPU
		{CAC373DA-6EEE-4868-B261-14D5DB606C5D}.Release|Any CPU.ActiveCfg = Release|Any CPU
		{CAC373DA-6EEE-4868-B261-14D5DB606C5D}.Release|Any CPU.Build.0 = Release|Any CPU
		{CAC373DA-6EEE-4868-B261-14D5DB606C5D}.Release|x64.ActiveCfg = Release|Any CPU
		{CAC373DA-6EEE-4868-B261-14D5DB606C5D}.Release|x64.Build.0 = Release|Any CPU
		{CAC373DA-6EEE-4868-B261-14D5DB606C5D}.Release|x86.ActiveCfg = Release|Any CPU
		{CAC373DA-6EEE-4868-B261-14D5DB606C5D}.Release|x86.Build.0 = Release|Any CPU
	EndGlobalSection
	GlobalSection(SolutionProperties) = preSolution
		HideSolutionNode = FALSE
	EndGlobalSection
	GlobalSection(ExtensibilityGlobals) = postSolution
		SolutionGuid = {3F5353E5-660E-4104-955E-E097E8A37854}
	EndGlobalSection
EndGlobal
